
Microsoft Visual Studio Solution File, Format Version 12.00
# Visual Studio Version 17
VisualStudioVersion = 17.11.35327.3
MinimumVisualStudioVersion = 10.0.40219.1
Project("{9A19103F-16F7-4668-BE54-9A1E7A4F7556}") = "LabRab10", "LabRab10.csproj", "{EA34E3DB-5699-4BDD-89DD-11B5C4D40F5F}"
EndProject
Project("{9A19103F-16F7-4668-BE54-9A1E7A4F7556}") = "ClassLibrary", "..\ClassLibrary\ClassLibrary.csproj", "{38202043-7907-4568-BDCE-E2B5FC7B2D79}"
EndProject
Project("{FAE04EC0-301F-11D3-BF4B-00C04F79EFBC}") = "LabRab10.Test", "..\LabRab10.Test\LabRab10.Test.csproj", "{293379A7-578E-4AF4-A91F-AF0A03D43D80}"
EndProject
Global
	GlobalSection(SolutionConfigurationPlatforms) = preSolution
		Debug|Any CPU = Debug|Any CPU
		Release|Any CPU = Release|Any CPU
	EndGlobalSection
	GlobalSection(ProjectConfigurationPlatforms) = postSolution
		{EA34E3DB-5699-4BDD-89DD-11B5C4D40F5F}.Debug|Any CPU.ActiveCfg = Debug|Any CPU
		{EA34E3DB-5699-4BDD-89DD-11B5C4D40F5F}.Debug|Any CPU.Build.0 = Debug|Any CPU
		{EA34E3DB-5699-4BDD-89DD-11B5C4D40F5F}.Release|Any CPU.ActiveCfg = Release|Any CPU
		{EA34E3DB-5699-4BDD-89DD-11B5C4D40F5F}.Release|Any CPU.Build.0 = Release|Any CPU
		{38202043-7907-4568-BDCE-E2B5FC7B2D79}.Debug|Any CPU.ActiveCfg = Debug|Any CPU
		{38202043-7907-4568-BDCE-E2B5FC7B2D79}.Debug|Any CPU.Build.0 = Debug|Any CPU
		{38202043-7907-4568-BDCE-E2B5FC7B2D79}.Release|Any CPU.ActiveCfg = Release|Any CPU
		{38202043-7907-4568-BDCE-E2B5FC7B2D79}.Release|Any CPU.Build.0 = Release|Any CPU
		{293379A7-578E-4AF4-A91F-AF0A03D43D80}.Debug|Any CPU.ActiveCfg = Debug|Any CPU
		{293379A7-578E-4AF4-A91F-AF0A03D43D80}.Debug|Any CPU.Build.0 = Debug|Any CPU
		{293379A7-578E-4AF4-A91F-AF0A03D43D80}.Release|Any CPU.ActiveCfg = Release|Any CPU
		{293379A7-578E-4AF4-A91F-AF0A03D43D80}.Release|Any CPU.Build.0 = Release|Any CPU
	EndGlobalSection
	GlobalSection(SolutionProperties) = preSolution
		HideSolutionNode = FALSE
	EndGlobalSection
	GlobalSection(ExtensibilityGlobals) = postSolution
		SolutionGuid = {707D1C04-38C8-4056-B833-8646099BCFF8}
	EndGlobalSection
EndGlobal
